
Microsoft Visual Studio Solution File, Format Version 12.00
# Visual Studio Version 17
VisualStudioVersion = 17.4.33213.308
MinimumVisualStudioVersion = 10.0.40219.1
Project("{9A19103F-16F7-4668-BE54-9A1E7A4F7556}") = "EventSourcing_Example_With_EventStore", "EventSourcing_Example_With_EventStore\EventSourcing_Example_With_EventStore.csproj", "{70EEAFF7-C9A9-4D86-A58B-96DE8117E8DB}"
EndProject
Project("{FAE04EC0-301F-11D3-BF4B-00C04F79EFBC}") = "SubscriptionService", "SubscriptionService\SubscriptionService.csproj", "{FDEF1831-A917-4E92-BCA2-60D5129378F2}"
EndProject
Global
	GlobalSection(SolutionConfigurationPlatforms) = preSolution
		Debug|Any CPU = Debug|Any CPU
		Release|Any CPU = Release|Any CPU
	EndGlobalSection
	GlobalSection(ProjectConfigurationPlatforms) = postSolution
		{70EEAFF7-C9A9-4D86-A58B-96DE8117E8DB}.Debug|Any CPU.ActiveCfg = Debug|Any CPU
		{70EEAFF7-C9A9-4D86-A58B-96DE8117E8DB}.Debug|Any CPU.Build.0 = Debug|Any CPU
		{70EEAFF7-C9A9-4D86-A58B-96DE8117E8DB}.Release|Any CPU.ActiveCfg = Release|Any CPU
		{70EEAFF7-C9A9-4D86-A58B-96DE8117E8DB}.Release|Any CPU.Build.0 = Release|Any CPU
		{FDEF1831-A917-4E92-BCA2-60D5129378F2}.Debug|Any CPU.ActiveCfg = Debug|Any CPU
		{FDEF1831-A917-4E92-BCA2-60D5129378F2}.Debug|Any CPU.Build.0 = Debug|Any CPU
		{FDEF1831-A917-4E92-BCA2-60D5129378F2}.Release|Any CPU.ActiveCfg = Release|Any CPU
		{FDEF1831-A917-4E92-BCA2-60D5129378F2}.Release|Any CPU.Build.0 = Release|Any CPU
	EndGlobalSection
	GlobalSection(SolutionProperties) = preSolution
		HideSolutionNode = FALSE
	EndGlobalSection
	GlobalSection(ExtensibilityGlobals) = postSolution
		SolutionGuid = {B9007A7F-1785-46CD-9F17-EAB32AEB60E9}
	EndGlobalSection
EndGlobal
